// !$*UTF8*$!
{
	archiveVersion = 1;
	classes = {
	};
	objectVersion = 50;
	objects = {

/* Begin PBXBuildFile section */
		8BC7A4C61CBA1B88923000FB /* Pods_IOSWeather.framework in Frameworks */ = {isa = PBXBuildFile; fileRef = 2E102019D95BE03D1CCAB6D6 /* Pods_IOSWeather.framework */; };
		B306F88C243F5EDE003E4AE9 /* TabBarItems.xcassets in Resources */ = {isa = PBXBuildFile; fileRef = B306F88B243F5EDE003E4AE9 /* TabBarItems.xcassets */; };
		B3861E58243F38350075F1E0 /* AppDelegate.swift in Sources */ = {isa = PBXBuildFile; fileRef = B3861E57243F38350075F1E0 /* AppDelegate.swift */; };
		B3861E5A243F38350075F1E0 /* SceneDelegate.swift in Sources */ = {isa = PBXBuildFile; fileRef = B3861E59243F38350075F1E0 /* SceneDelegate.swift */; };
		B3861E5C243F38350075F1E0 /* ViewController.swift in Sources */ = {isa = PBXBuildFile; fileRef = B3861E5B243F38350075F1E0 /* ViewController.swift */; };
		B3861E62243F38350075F1E0 /* IOSWeather.xcdatamodeld in Sources */ = {isa = PBXBuildFile; fileRef = B3861E60243F38350075F1E0 /* IOSWeather.xcdatamodeld */; };
		B3861E64243F38380075F1E0 /* Assets.xcassets in Resources */ = {isa = PBXBuildFile; fileRef = B3861E63243F38380075F1E0 /* Assets.xcassets */; };
		B3861E67243F38380075F1E0 /* LaunchScreen.storyboard in Resources */ = {isa = PBXBuildFile; fileRef = B3861E65243F38380075F1E0 /* LaunchScreen.storyboard */; };
		B3861E77243F48610075F1E0 /* MainInterfaces.swift in Sources */ = {isa = PBXBuildFile; fileRef = B3861E76243F48610075F1E0 /* MainInterfaces.swift */; };
		B3861E7A243F48880075F1E0 /* TabBarViewController.swift in Sources */ = {isa = PBXBuildFile; fileRef = B3861E79243F48880075F1E0 /* TabBarViewController.swift */; };
		B3861E7C243F489C0075F1E0 /* TabBarViewModel.swift in Sources */ = {isa = PBXBuildFile; fileRef = B3861E7B243F489C0075F1E0 /* TabBarViewModel.swift */; };
		B3861E7E243F48BC0075F1E0 /* MainCoordinator.swift in Sources */ = {isa = PBXBuildFile; fileRef = B3861E7D243F48BC0075F1E0 /* MainCoordinator.swift */; };
		B3861E85243F4AFE0075F1E0 /* MapInterfaces.swift in Sources */ = {isa = PBXBuildFile; fileRef = B3861E84243F4AFE0075F1E0 /* MapInterfaces.swift */; };
		B3861E87243F4B0C0075F1E0 /* MapViewController.swift in Sources */ = {isa = PBXBuildFile; fileRef = B3861E86243F4B0C0075F1E0 /* MapViewController.swift */; };
		B3861E89243F4B1A0075F1E0 /* MapViewModel.swift in Sources */ = {isa = PBXBuildFile; fileRef = B3861E88243F4B1A0075F1E0 /* MapViewModel.swift */; };
		B3861E8B243F4B2A0075F1E0 /* MapCoordinator.swift in Sources */ = {isa = PBXBuildFile; fileRef = B3861E8A243F4B2A0075F1E0 /* MapCoordinator.swift */; };
		B3861E92243F4E7E0075F1E0 /* SettingsInterfaces.swift in Sources */ = {isa = PBXBuildFile; fileRef = B3861E91243F4E7E0075F1E0 /* SettingsInterfaces.swift */; };
		B3861E94243F4E970075F1E0 /* SettingsViewController.swift in Sources */ = {isa = PBXBuildFile; fileRef = B3861E93243F4E970075F1E0 /* SettingsViewController.swift */; };
		B3861E96243F4EAC0075F1E0 /* SettingsViewModel.swift in Sources */ = {isa = PBXBuildFile; fileRef = B3861E95243F4EAC0075F1E0 /* SettingsViewModel.swift */; };
		B3861E98243F4ECD0075F1E0 /* SettingsCoordinator.swift in Sources */ = {isa = PBXBuildFile; fileRef = B3861E97243F4ECD0075F1E0 /* SettingsCoordinator.swift */; };
		B3861E9F243F520C0075F1E0 /* ForecastInterfaces.swift in Sources */ = {isa = PBXBuildFile; fileRef = B3861E9E243F520C0075F1E0 /* ForecastInterfaces.swift */; };
		B3861EA1243F521D0075F1E0 /* ForecastViewController.swift in Sources */ = {isa = PBXBuildFile; fileRef = B3861EA0243F521D0075F1E0 /* ForecastViewController.swift */; };
		B3861EA3243F52290075F1E0 /* ForecastViewModel.swift in Sources */ = {isa = PBXBuildFile; fileRef = B3861EA2243F52290075F1E0 /* ForecastViewModel.swift */; };
		B3861EA5243F523E0075F1E0 /* ForecastCoordinator.swift in Sources */ = {isa = PBXBuildFile; fileRef = B3861EA4243F523E0075F1E0 /* ForecastCoordinator.swift */; };
		B3861EAC243F54B70075F1E0 /* NotificationsIntefaces.swift in Sources */ = {isa = PBXBuildFile; fileRef = B3861EAB243F54B70075F1E0 /* NotificationsIntefaces.swift */; };
		B3861EAE243F54CD0075F1E0 /* NotificationsViewController.swift in Sources */ = {isa = PBXBuildFile; fileRef = B3861EAD243F54CD0075F1E0 /* NotificationsViewController.swift */; };
		B3861EB0243F54DA0075F1E0 /* NotificationsViewModel.swift in Sources */ = {isa = PBXBuildFile; fileRef = B3861EAF243F54DA0075F1E0 /* NotificationsViewModel.swift */; };
		B3861EB2243F54EA0075F1E0 /* NotificationsCoordinator.swift in Sources */ = {isa = PBXBuildFile; fileRef = B3861EB1243F54EA0075F1E0 /* NotificationsCoordinator.swift */; };
		B3B1E5DC2440AB86004A4FBE /* WeatherCall.swift in Sources */ = {isa = PBXBuildFile; fileRef = B3B1E5DB2440AB86004A4FBE /* WeatherCall.swift */; };
		B3B1E5DE2440AB97004A4FBE /* WeatherCallData.swift in Sources */ = {isa = PBXBuildFile; fileRef = B3B1E5DD2440AB97004A4FBE /* WeatherCallData.swift */; };
		B3B1E5E02440F157004A4FBE /* CurrentWeatherViewModel.swift in Sources */ = {isa = PBXBuildFile; fileRef = B3B1E5DF2440F157004A4FBE /* CurrentWeatherViewModel.swift */; };
		B3B1E5E62440F6D0004A4FBE /* HourlyWeatherViewModel.swift in Sources */ = {isa = PBXBuildFile; fileRef = B3B1E5E52440F6D0004A4FBE /* HourlyWeatherViewModel.swift */; };
		B3B1E5E82441087C004A4FBE /* DailyWeatherViewModel.swift in Sources */ = {isa = PBXBuildFile; fileRef = B3B1E5E72441087C004A4FBE /* DailyWeatherViewModel.swift */; };
		B3B1E5EA2441139B004A4FBE /* CurrentWeatherView.swift in Sources */ = {isa = PBXBuildFile; fileRef = B3B1E5E92441139B004A4FBE /* CurrentWeatherView.swift */; };
		B3BB4C3E243F8E950011A649 /* AutoComplete.swift in Sources */ = {isa = PBXBuildFile; fileRef = B3BB4C3D243F8E950011A649 /* AutoComplete.swift */; };
		B3BB4C40243F8EAE0011A649 /* AutoCompleteData.swift in Sources */ = {isa = PBXBuildFile; fileRef = B3BB4C3F243F8EAE0011A649 /* AutoCompleteData.swift */; };
		B3BB4C42243F8EBC0011A649 /* LookUp.swift in Sources */ = {isa = PBXBuildFile; fileRef = B3BB4C41243F8EBC0011A649 /* LookUp.swift */; };
		B3BB4C44243F8EC70011A649 /* LookUpData.swift in Sources */ = {isa = PBXBuildFile; fileRef = B3BB4C43243F8EC70011A649 /* LookUpData.swift */; };
		B3BB4C47243F90FF0011A649 /* AutoCompleteViewModel.swift in Sources */ = {isa = PBXBuildFile; fileRef = B3BB4C46243F90FF0011A649 /* AutoCompleteViewModel.swift */; };
		B3BB4C49243F910F0011A649 /* LookUpViewModel.swift in Sources */ = {isa = PBXBuildFile; fileRef = B3BB4C48243F910F0011A649 /* LookUpViewModel.swift */; };
		B3EEB6B1243FB05A0015B5A0 /* SearchResultTableViewCell.swift in Sources */ = {isa = PBXBuildFile; fileRef = B3EEB6B0243FB05A0015B5A0 /* SearchResultTableViewCell.swift */; };
/* End PBXBuildFile section */

/* Begin PBXFileReference section */
		2E102019D95BE03D1CCAB6D6 /* Pods_IOSWeather.framework */ = {isa = PBXFileReference; explicitFileType = wrapper.framework; includeInIndex = 0; path = Pods_IOSWeather.framework; sourceTree = BUILT_PRODUCTS_DIR; };
		B306F88B243F5EDE003E4AE9 /* TabBarItems.xcassets */ = {isa = PBXFileReference; lastKnownFileType = folder.assetcatalog; path = TabBarItems.xcassets; sourceTree = "<group>"; };
		B3861E54243F38350075F1E0 /* IOSWeather.app */ = {isa = PBXFileReference; explicitFileType = wrapper.application; includeInIndex = 0; path = IOSWeather.app; sourceTree = BUILT_PRODUCTS_DIR; };
		B3861E57243F38350075F1E0 /* AppDelegate.swift */ = {isa = PBXFileReference; lastKnownFileType = sourcecode.swift; path = AppDelegate.swift; sourceTree = "<group>"; };
		B3861E59243F38350075F1E0 /* SceneDelegate.swift */ = {isa = PBXFileReference; lastKnownFileType = sourcecode.swift; path = SceneDelegate.swift; sourceTree = "<group>"; };
		B3861E5B243F38350075F1E0 /* ViewController.swift */ = {isa = PBXFileReference; lastKnownFileType = sourcecode.swift; path = ViewController.swift; sourceTree = "<group>"; };
		B3861E61243F38350075F1E0 /* IOSWeather.xcdatamodel */ = {isa = PBXFileReference; lastKnownFileType = wrapper.xcdatamodel; path = IOSWeather.xcdatamodel; sourceTree = "<group>"; };
		B3861E63243F38380075F1E0 /* Assets.xcassets */ = {isa = PBXFileReference; lastKnownFileType = folder.assetcatalog; path = Assets.xcassets; sourceTree = "<group>"; };
		B3861E66243F38380075F1E0 /* Base */ = {isa = PBXFileReference; lastKnownFileType = file.storyboard; name = Base; path = Base.lproj/LaunchScreen.storyboard; sourceTree = "<group>"; };
		B3861E68243F38380075F1E0 /* Info.plist */ = {isa = PBXFileReference; lastKnownFileType = text.plist.xml; path = Info.plist; sourceTree = "<group>"; };
		B3861E76243F48610075F1E0 /* MainInterfaces.swift */ = {isa = PBXFileReference; lastKnownFileType = sourcecode.swift; path = MainInterfaces.swift; sourceTree = "<group>"; };
		B3861E79243F48880075F1E0 /* TabBarViewController.swift */ = {isa = PBXFileReference; lastKnownFileType = sourcecode.swift; path = TabBarViewController.swift; sourceTree = "<group>"; };
		B3861E7B243F489C0075F1E0 /* TabBarViewModel.swift */ = {isa = PBXFileReference; lastKnownFileType = sourcecode.swift; path = TabBarViewModel.swift; sourceTree = "<group>"; };
		B3861E7D243F48BC0075F1E0 /* MainCoordinator.swift */ = {isa = PBXFileReference; lastKnownFileType = sourcecode.swift; path = MainCoordinator.swift; sourceTree = "<group>"; };
		B3861E84243F4AFE0075F1E0 /* MapInterfaces.swift */ = {isa = PBXFileReference; lastKnownFileType = sourcecode.swift; path = MapInterfaces.swift; sourceTree = "<group>"; };
		B3861E86243F4B0C0075F1E0 /* MapViewController.swift */ = {isa = PBXFileReference; lastKnownFileType = sourcecode.swift; path = MapViewController.swift; sourceTree = "<group>"; };
		B3861E88243F4B1A0075F1E0 /* MapViewModel.swift */ = {isa = PBXFileReference; lastKnownFileType = sourcecode.swift; path = MapViewModel.swift; sourceTree = "<group>"; };
		B3861E8A243F4B2A0075F1E0 /* MapCoordinator.swift */ = {isa = PBXFileReference; lastKnownFileType = sourcecode.swift; path = MapCoordinator.swift; sourceTree = "<group>"; };
		B3861E91243F4E7E0075F1E0 /* SettingsInterfaces.swift */ = {isa = PBXFileReference; lastKnownFileType = sourcecode.swift; path = SettingsInterfaces.swift; sourceTree = "<group>"; };
		B3861E93243F4E970075F1E0 /* SettingsViewController.swift */ = {isa = PBXFileReference; lastKnownFileType = sourcecode.swift; path = SettingsViewController.swift; sourceTree = "<group>"; };
		B3861E95243F4EAC0075F1E0 /* SettingsViewModel.swift */ = {isa = PBXFileReference; lastKnownFileType = sourcecode.swift; path = SettingsViewModel.swift; sourceTree = "<group>"; };
		B3861E97243F4ECD0075F1E0 /* SettingsCoordinator.swift */ = {isa = PBXFileReference; lastKnownFileType = sourcecode.swift; path = SettingsCoordinator.swift; sourceTree = "<group>"; };
		B3861E9E243F520C0075F1E0 /* ForecastInterfaces.swift */ = {isa = PBXFileReference; lastKnownFileType = sourcecode.swift; path = ForecastInterfaces.swift; sourceTree = "<group>"; };
		B3861EA0243F521D0075F1E0 /* ForecastViewController.swift */ = {isa = PBXFileReference; lastKnownFileType = sourcecode.swift; path = ForecastViewController.swift; sourceTree = "<group>"; };
		B3861EA2243F52290075F1E0 /* ForecastViewModel.swift */ = {isa = PBXFileReference; lastKnownFileType = sourcecode.swift; path = ForecastViewModel.swift; sourceTree = "<group>"; };
		B3861EA4243F523E0075F1E0 /* ForecastCoordinator.swift */ = {isa = PBXFileReference; lastKnownFileType = sourcecode.swift; path = ForecastCoordinator.swift; sourceTree = "<group>"; };
		B3861EAB243F54B70075F1E0 /* NotificationsIntefaces.swift */ = {isa = PBXFileReference; lastKnownFileType = sourcecode.swift; path = NotificationsIntefaces.swift; sourceTree = "<group>"; };
		B3861EAD243F54CD0075F1E0 /* NotificationsViewController.swift */ = {isa = PBXFileReference; lastKnownFileType = sourcecode.swift; path = NotificationsViewController.swift; sourceTree = "<group>"; };
		B3861EAF243F54DA0075F1E0 /* NotificationsViewModel.swift */ = {isa = PBXFileReference; lastKnownFileType = sourcecode.swift; path = NotificationsViewModel.swift; sourceTree = "<group>"; };
		B3861EB1243F54EA0075F1E0 /* NotificationsCoordinator.swift */ = {isa = PBXFileReference; lastKnownFileType = sourcecode.swift; path = NotificationsCoordinator.swift; sourceTree = "<group>"; };
		B3B1E5DB2440AB86004A4FBE /* WeatherCall.swift */ = {isa = PBXFileReference; lastKnownFileType = sourcecode.swift; path = WeatherCall.swift; sourceTree = "<group>"; };
		B3B1E5DD2440AB97004A4FBE /* WeatherCallData.swift */ = {isa = PBXFileReference; lastKnownFileType = sourcecode.swift; path = WeatherCallData.swift; sourceTree = "<group>"; };
		B3B1E5DF2440F157004A4FBE /* CurrentWeatherViewModel.swift */ = {isa = PBXFileReference; lastKnownFileType = sourcecode.swift; path = CurrentWeatherViewModel.swift; sourceTree = "<group>"; };
		B3B1E5E52440F6D0004A4FBE /* HourlyWeatherViewModel.swift */ = {isa = PBXFileReference; lastKnownFileType = sourcecode.swift; path = HourlyWeatherViewModel.swift; sourceTree = "<group>"; };
		B3B1E5E72441087C004A4FBE /* DailyWeatherViewModel.swift */ = {isa = PBXFileReference; lastKnownFileType = sourcecode.swift; path = DailyWeatherViewModel.swift; sourceTree = "<group>"; };
		B3B1E5E92441139B004A4FBE /* CurrentWeatherView.swift */ = {isa = PBXFileReference; lastKnownFileType = sourcecode.swift; path = CurrentWeatherView.swift; sourceTree = "<group>"; };
		B3BB4C3D243F8E950011A649 /* AutoComplete.swift */ = {isa = PBXFileReference; lastKnownFileType = sourcecode.swift; path = AutoComplete.swift; sourceTree = "<group>"; };
		B3BB4C3F243F8EAE0011A649 /* AutoCompleteData.swift */ = {isa = PBXFileReference; lastKnownFileType = sourcecode.swift; path = AutoCompleteData.swift; sourceTree = "<group>"; };
		B3BB4C41243F8EBC0011A649 /* LookUp.swift */ = {isa = PBXFileReference; lastKnownFileType = sourcecode.swift; path = LookUp.swift; sourceTree = "<group>"; };
		B3BB4C43243F8EC70011A649 /* LookUpData.swift */ = {isa = PBXFileReference; lastKnownFileType = sourcecode.swift; path = LookUpData.swift; sourceTree = "<group>"; };
		B3BB4C46243F90FF0011A649 /* AutoCompleteViewModel.swift */ = {isa = PBXFileReference; lastKnownFileType = sourcecode.swift; path = AutoCompleteViewModel.swift; sourceTree = "<group>"; };
		B3BB4C48243F910F0011A649 /* LookUpViewModel.swift */ = {isa = PBXFileReference; lastKnownFileType = sourcecode.swift; path = LookUpViewModel.swift; sourceTree = "<group>"; };
		B3EEB6B0243FB05A0015B5A0 /* SearchResultTableViewCell.swift */ = {isa = PBXFileReference; lastKnownFileType = sourcecode.swift; path = SearchResultTableViewCell.swift; sourceTree = "<group>"; };
		D99582F6117DCCBF0AED91FB /* Pods-IOSWeather.release.xcconfig */ = {isa = PBXFileReference; includeInIndex = 1; lastKnownFileType = text.xcconfig; name = "Pods-IOSWeather.release.xcconfig"; path = "Target Support Files/Pods-IOSWeather/Pods-IOSWeather.release.xcconfig"; sourceTree = "<group>"; };
		F87210DE80447FE6B209C126 /* Pods-IOSWeather.debug.xcconfig */ = {isa = PBXFileReference; includeInIndex = 1; lastKnownFileType = text.xcconfig; name = "Pods-IOSWeather.debug.xcconfig"; path = "Target Support Files/Pods-IOSWeather/Pods-IOSWeather.debug.xcconfig"; sourceTree = "<group>"; };
/* End PBXFileReference section */

/* Begin PBXFrameworksBuildPhase section */
		B3861E51243F38350075F1E0 /* Frameworks */ = {
			isa = PBXFrameworksBuildPhase;
			buildActionMask = 2147483647;
			files = (
				8BC7A4C61CBA1B88923000FB /* Pods_IOSWeather.framework in Frameworks */,
			);
			runOnlyForDeploymentPostprocessing = 0;
		};
/* End PBXFrameworksBuildPhase section */

/* Begin PBXGroup section */
		B3861E4B243F38350075F1E0 = {
			isa = PBXGroup;
			children = (
				B3861E56243F38350075F1E0 /* IOSWeather */,
				B3861E55243F38350075F1E0 /* Products */,
				FD2989A859996DE973767883 /* Pods */,
				B700E77951D1D5E640494CED /* Frameworks */,
			);
			sourceTree = "<group>";
		};
		B3861E55243F38350075F1E0 /* Products */ = {
			isa = PBXGroup;
			children = (
				B3861E54243F38350075F1E0 /* IOSWeather.app */,
			);
			name = Products;
			sourceTree = "<group>";
		};
		B3861E56243F38350075F1E0 /* IOSWeather */ = {
			isa = PBXGroup;
			children = (
				B3861EA6243F546F0075F1E0 /* Notifications */,
				B3861E99243F51BC0075F1E0 /* Forecast */,
				B3861E8C243F4E4F0075F1E0 /* Settings */,
				B3861E7F243F4A500075F1E0 /* Map */,
				B3861E6F243F45EF0075F1E0 /* Main */,
				B3861E71243F47D50075F1E0 /* App */,
				B3861E6E243F45DD0075F1E0 /* Network */,
				B3861E70243F46080075F1E0 /* Resources */,
				B3861E5B243F38350075F1E0 /* ViewController.swift */,
				B3861E68243F38380075F1E0 /* Info.plist */,
			);
			path = IOSWeather;
			sourceTree = "<group>";
		};
		B3861E6E243F45DD0075F1E0 /* Network */ = {
			isa = PBXGroup;
			children = (
				B3B1E5DA2440A8BC004A4FBE /* OpenWeather */,
				B3BB4C3C243F8E7F0011A649 /* AutoComplete */,
				B3BB4C3B243F8E5D0011A649 /* LookUp */,
			);
			path = Network;
			sourceTree = "<group>";
		};
		B3861E6F243F45EF0075F1E0 /* Main */ = {
			isa = PBXGroup;
			children = (
				B3861E75243F481C0075F1E0 /* Coordinators */,
				B3861E74243F48190075F1E0 /* Views */,
				B3861E73243F48160075F1E0 /* ViewModels */,
				B3861E72243F48120075F1E0 /* ViewControllers */,
				B3861E76243F48610075F1E0 /* MainInterfaces.swift */,
			);
			path = Main;
			sourceTree = "<group>";
		};
		B3861E70243F46080075F1E0 /* Resources */ = {
			isa = PBXGroup;
			children = (
				B3861E63243F38380075F1E0 /* Assets.xcassets */,
				B3861E65243F38380075F1E0 /* LaunchScreen.storyboard */,
				B3861E60243F38350075F1E0 /* IOSWeather.xcdatamodeld */,
				B306F88B243F5EDE003E4AE9 /* TabBarItems.xcassets */,
			);
			path = Resources;
			sourceTree = "<group>";
		};
		B3861E71243F47D50075F1E0 /* App */ = {
			isa = PBXGroup;
			children = (
				B3861E57243F38350075F1E0 /* AppDelegate.swift */,
				B3861E59243F38350075F1E0 /* SceneDelegate.swift */,
			);
			path = App;
			sourceTree = "<group>";
		};
		B3861E72243F48120075F1E0 /* ViewControllers */ = {
			isa = PBXGroup;
			children = (
				B3861E79243F48880075F1E0 /* TabBarViewController.swift */,
			);
			path = ViewControllers;
			sourceTree = "<group>";
		};
		B3861E73243F48160075F1E0 /* ViewModels */ = {
			isa = PBXGroup;
			children = (
				B3861E7B243F489C0075F1E0 /* TabBarViewModel.swift */,
			);
			path = ViewModels;
			sourceTree = "<group>";
		};
		B3861E74243F48190075F1E0 /* Views */ = {
			isa = PBXGroup;
			children = (
			);
			path = Views;
			sourceTree = "<group>";
		};
		B3861E75243F481C0075F1E0 /* Coordinators */ = {
			isa = PBXGroup;
			children = (
				B3861E7D243F48BC0075F1E0 /* MainCoordinator.swift */,
			);
			path = Coordinators;
			sourceTree = "<group>";
		};
		B3861E7F243F4A500075F1E0 /* Map */ = {
			isa = PBXGroup;
			children = (
				B3861E83243F4A6C0075F1E0 /* Coordinators */,
				B3861E82243F4A680075F1E0 /* Views */,
				B3861E81243F4A660075F1E0 /* ViewModels */,
				B3861E80243F4A610075F1E0 /* ViewControllers */,
				B3861E84243F4AFE0075F1E0 /* MapInterfaces.swift */,
			);
			path = Map;
			sourceTree = "<group>";
		};
		B3861E80243F4A610075F1E0 /* ViewControllers */ = {
			isa = PBXGroup;
			children = (
				B3861E86243F4B0C0075F1E0 /* MapViewController.swift */,
			);
			path = ViewControllers;
			sourceTree = "<group>";
		};
		B3861E81243F4A660075F1E0 /* ViewModels */ = {
			isa = PBXGroup;
			children = (
				B3861E88243F4B1A0075F1E0 /* MapViewModel.swift */,
			);
			path = ViewModels;
			sourceTree = "<group>";
		};
		B3861E82243F4A680075F1E0 /* Views */ = {
			isa = PBXGroup;
			children = (
			);
			path = Views;
			sourceTree = "<group>";
		};
		B3861E83243F4A6C0075F1E0 /* Coordinators */ = {
			isa = PBXGroup;
			children = (
				B3861E8A243F4B2A0075F1E0 /* MapCoordinator.swift */,
			);
			path = Coordinators;
			sourceTree = "<group>";
		};
		B3861E8C243F4E4F0075F1E0 /* Settings */ = {
			isa = PBXGroup;
			children = (
				B3861E90243F4E700075F1E0 /* Coordinators */,
				B3861E8F243F4E6C0075F1E0 /* Views */,
				B3861E8E243F4E690075F1E0 /* ViewModels */,
				B3861E8D243F4E5F0075F1E0 /* ViewControllers */,
				B3861E91243F4E7E0075F1E0 /* SettingsInterfaces.swift */,
			);
			path = Settings;
			sourceTree = "<group>";
		};
		B3861E8D243F4E5F0075F1E0 /* ViewControllers */ = {
			isa = PBXGroup;
			children = (
				B3861E93243F4E970075F1E0 /* SettingsViewController.swift */,
			);
			path = ViewControllers;
			sourceTree = "<group>";
		};
		B3861E8E243F4E690075F1E0 /* ViewModels */ = {
			isa = PBXGroup;
			children = (
				B3861E95243F4EAC0075F1E0 /* SettingsViewModel.swift */,
			);
			path = ViewModels;
			sourceTree = "<group>";
		};
		B3861E8F243F4E6C0075F1E0 /* Views */ = {
			isa = PBXGroup;
			children = (
			);
			path = Views;
			sourceTree = "<group>";
		};
		B3861E90243F4E700075F1E0 /* Coordinators */ = {
			isa = PBXGroup;
			children = (
				B3861E97243F4ECD0075F1E0 /* SettingsCoordinator.swift */,
			);
			path = Coordinators;
			sourceTree = "<group>";
		};
		B3861E99243F51BC0075F1E0 /* Forecast */ = {
			isa = PBXGroup;
			children = (
				B3861E9D243F51DC0075F1E0 /* Coordinators */,
				B3861E9C243F51D90075F1E0 /* Views */,
				B3861E9B243F51D60075F1E0 /* ViewModels */,
				B3861E9A243F51D00075F1E0 /* ViewControllers */,
				B3861E9E243F520C0075F1E0 /* ForecastInterfaces.swift */,
			);
			path = Forecast;
			sourceTree = "<group>";
		};
		B3861E9A243F51D00075F1E0 /* ViewControllers */ = {
			isa = PBXGroup;
			children = (
				B3861EA0243F521D0075F1E0 /* ForecastViewController.swift */,
			);
			path = ViewControllers;
			sourceTree = "<group>";
		};
		B3861E9B243F51D60075F1E0 /* ViewModels */ = {
			isa = PBXGroup;
			children = (
				B3BB4C45243F90D60011A649 /* NetworkViewModels */,
				B3861EA2243F52290075F1E0 /* ForecastViewModel.swift */,
			);
			path = ViewModels;
			sourceTree = "<group>";
		};
		B3861E9C243F51D90075F1E0 /* Views */ = {
			isa = PBXGroup;
			children = (
				B3EEB6B0243FB05A0015B5A0 /* SearchResultTableViewCell.swift */,
				B3B1E5E92441139B004A4FBE /* CurrentWeatherView.swift */,
			);
			path = Views;
			sourceTree = "<group>";
		};
		B3861E9D243F51DC0075F1E0 /* Coordinators */ = {
			isa = PBXGroup;
			children = (
				B3861EA4243F523E0075F1E0 /* ForecastCoordinator.swift */,
			);
			path = Coordinators;
			sourceTree = "<group>";
		};
		B3861EA6243F546F0075F1E0 /* Notifications */ = {
			isa = PBXGroup;
			children = (
				B3861EAA243F54850075F1E0 /* Coordinators */,
				B3861EA9243F54820075F1E0 /* Views */,
				B3861EA8243F547F0075F1E0 /* ViewModels */,
				B3861EA7243F547B0075F1E0 /* ViewControllers */,
				B3861EAB243F54B70075F1E0 /* NotificationsIntefaces.swift */,
			);
			path = Notifications;
			sourceTree = "<group>";
		};
		B3861EA7243F547B0075F1E0 /* ViewControllers */ = {
			isa = PBXGroup;
			children = (
				B3861EAD243F54CD0075F1E0 /* NotificationsViewController.swift */,
			);
			path = ViewControllers;
			sourceTree = "<group>";
		};
		B3861EA8243F547F0075F1E0 /* ViewModels */ = {
			isa = PBXGroup;
			children = (
				B3861EAF243F54DA0075F1E0 /* NotificationsViewModel.swift */,
			);
			path = ViewModels;
			sourceTree = "<group>";
		};
		B3861EA9243F54820075F1E0 /* Views */ = {
			isa = PBXGroup;
			children = (
			);
			path = Views;
			sourceTree = "<group>";
		};
		B3861EAA243F54850075F1E0 /* Coordinators */ = {
			isa = PBXGroup;
			children = (
				B3861EB1243F54EA0075F1E0 /* NotificationsCoordinator.swift */,
			);
			path = Coordinators;
			sourceTree = "<group>";
		};
		B3B1E5DA2440A8BC004A4FBE /* OpenWeather */ = {
			isa = PBXGroup;
			children = (
				B3B1E5DB2440AB86004A4FBE /* WeatherCall.swift */,
				B3B1E5DD2440AB97004A4FBE /* WeatherCallData.swift */,
			);
			path = OpenWeather;
			sourceTree = "<group>";
		};
		B3BB4C3B243F8E5D0011A649 /* LookUp */ = {
			isa = PBXGroup;
			children = (
				B3BB4C41243F8EBC0011A649 /* LookUp.swift */,
				B3BB4C43243F8EC70011A649 /* LookUpData.swift */,
			);
			path = LookUp;
			sourceTree = "<group>";
		};
		B3BB4C3C243F8E7F0011A649 /* AutoComplete */ = {
			isa = PBXGroup;
			children = (
				B3BB4C3D243F8E950011A649 /* AutoComplete.swift */,
				B3BB4C3F243F8EAE0011A649 /* AutoCompleteData.swift */,
			);
			path = AutoComplete;
			sourceTree = "<group>";
		};
		B3BB4C45243F90D60011A649 /* NetworkViewModels */ = {
			isa = PBXGroup;
			children = (
				B3BB4C46243F90FF0011A649 /* AutoCompleteViewModel.swift */,
				B3BB4C48243F910F0011A649 /* LookUpViewModel.swift */,
				B3B1E5DF2440F157004A4FBE /* CurrentWeatherViewModel.swift */,
				B3B1E5E52440F6D0004A4FBE /* HourlyWeatherViewModel.swift */,
				B3B1E5E72441087C004A4FBE /* DailyWeatherViewModel.swift */,
			);
			path = NetworkViewModels;
			sourceTree = "<group>";
		};
		B700E77951D1D5E640494CED /* Frameworks */ = {
			isa = PBXGroup;
			children = (
				2E102019D95BE03D1CCAB6D6 /* Pods_IOSWeather.framework */,
			);
			name = Frameworks;
			sourceTree = "<group>";
		};
		FD2989A859996DE973767883 /* Pods */ = {
			isa = PBXGroup;
			children = (
				F87210DE80447FE6B209C126 /* Pods-IOSWeather.debug.xcconfig */,
				D99582F6117DCCBF0AED91FB /* Pods-IOSWeather.release.xcconfig */,
			);
			name = Pods;
			path = Pods;
			sourceTree = "<group>";
		};
/* End PBXGroup section */

/* Begin PBXNativeTarget section */
		B3861E53243F38350075F1E0 /* IOSWeather */ = {
			isa = PBXNativeTarget;
			buildConfigurationList = B3861E6B243F38380075F1E0 /* Build configuration list for PBXNativeTarget "IOSWeather" */;
			buildPhases = (
				13BCF9D38196ABC184E9994A /* [CP] Check Pods Manifest.lock */,
				B3861E50243F38350075F1E0 /* Sources */,
				B3861E51243F38350075F1E0 /* Frameworks */,
				B3861E52243F38350075F1E0 /* Resources */,
				B3EEB6B2243FBAF50015B5A0 /* ShellScript */,
				C9D8A02E0F0AC45DD1F2CE0D /* [CP] Embed Pods Frameworks */,
			);
			buildRules = (
			);
			dependencies = (
			);
			name = IOSWeather;
			productName = IOSWeather;
			productReference = B3861E54243F38350075F1E0 /* IOSWeather.app */;
			productType = "com.apple.product-type.application";
		};
/* End PBXNativeTarget section */

/* Begin PBXProject section */
		B3861E4C243F38350075F1E0 /* Project object */ = {
			isa = PBXProject;
			attributes = {
				LastSwiftUpdateCheck = 1130;
				LastUpgradeCheck = 1130;
				ORGANIZATIONNAME = Nicola;
				TargetAttributes = {
					B3861E53243F38350075F1E0 = {
						CreatedOnToolsVersion = 11.3.1;
					};
				};
			};
			buildConfigurationList = B3861E4F243F38350075F1E0 /* Build configuration list for PBXProject "IOSWeather" */;
			compatibilityVersion = "Xcode 9.3";
			developmentRegion = en;
			hasScannedForEncodings = 0;
			knownRegions = (
				en,
				Base,
			);
			mainGroup = B3861E4B243F38350075F1E0;
			productRefGroup = B3861E55243F38350075F1E0 /* Products */;
			projectDirPath = "";
			projectRoot = "";
			targets = (
				B3861E53243F38350075F1E0 /* IOSWeather */,
			);
		};
/* End PBXProject section */

/* Begin PBXResourcesBuildPhase section */
		B3861E52243F38350075F1E0 /* Resources */ = {
			isa = PBXResourcesBuildPhase;
			buildActionMask = 2147483647;
			files = (
				B3861E67243F38380075F1E0 /* LaunchScreen.storyboard in Resources */,
				B306F88C243F5EDE003E4AE9 /* TabBarItems.xcassets in Resources */,
				B3861E64243F38380075F1E0 /* Assets.xcassets in Resources */,
			);
			runOnlyForDeploymentPostprocessing = 0;
		};
/* End PBXResourcesBuildPhase section */

/* Begin PBXShellScriptBuildPhase section */
		13BCF9D38196ABC184E9994A /* [CP] Check Pods Manifest.lock */ = {
			isa = PBXShellScriptBuildPhase;
			buildActionMask = 2147483647;
			files = (
			);
			inputFileListPaths = (
			);
			inputPaths = (
				"${PODS_PODFILE_DIR_PATH}/Podfile.lock",
				"${PODS_ROOT}/Manifest.lock",
			);
			name = "[CP] Check Pods Manifest.lock";
			outputFileListPaths = (
			);
			outputPaths = (
				"$(DERIVED_FILE_DIR)/Pods-IOSWeather-checkManifestLockResult.txt",
			);
			runOnlyForDeploymentPostprocessing = 0;
			shellPath = /bin/sh;
			shellScript = "diff \"${PODS_PODFILE_DIR_PATH}/Podfile.lock\" \"${PODS_ROOT}/Manifest.lock\" > /dev/null\nif [ $? != 0 ] ; then\n    # print error to STDERR\n    echo \"error: The sandbox is not in sync with the Podfile.lock. Run 'pod install' or update your CocoaPods installation.\" >&2\n    exit 1\nfi\n# This output is used by Xcode 'outputs' to avoid re-running this script phase.\necho \"SUCCESS\" > \"${SCRIPT_OUTPUT_FILE_0}\"\n";
			showEnvVarsInLog = 0;
		};
		B3EEB6B2243FBAF50015B5A0 /* ShellScript */ = {
			isa = PBXShellScriptBuildPhase;
			buildActionMask = 2147483647;
			files = (
			);
			inputFileListPaths = (
			);
			inputPaths = (
			);
			outputFileListPaths = (
			);
			outputPaths = (
			);
			runOnlyForDeploymentPostprocessing = 0;
			shellPath = /bin/sh;
			shellScript = "scripts=\"$SRCROOT/scripts\"\n\nfor sh in \"$scripts\"/*.sh; do\necho \"** RUNNING: $sh **\"\n\"$sh\"\necho \"** DONE: $sh **\"\necho\ndone\n";
		};
		C9D8A02E0F0AC45DD1F2CE0D /* [CP] Embed Pods Frameworks */ = {
			isa = PBXShellScriptBuildPhase;
			buildActionMask = 2147483647;
			files = (
			);
			inputFileListPaths = (
				"${PODS_ROOT}/Target Support Files/Pods-IOSWeather/Pods-IOSWeather-frameworks-${CONFIGURATION}-input-files.xcfilelist",
			);
			name = "[CP] Embed Pods Frameworks";
			outputFileListPaths = (
				"${PODS_ROOT}/Target Support Files/Pods-IOSWeather/Pods-IOSWeather-frameworks-${CONFIGURATION}-output-files.xcfilelist",
			);
			runOnlyForDeploymentPostprocessing = 0;
			shellPath = /bin/sh;
			shellScript = "\"${PODS_ROOT}/Target Support Files/Pods-IOSWeather/Pods-IOSWeather-frameworks.sh\"\n";
			showEnvVarsInLog = 0;
		};
/* End PBXShellScriptBuildPhase section */

/* Begin PBXSourcesBuildPhase section */
		B3861E50243F38350075F1E0 /* Sources */ = {
			isa = PBXSourcesBuildPhase;
			buildActionMask = 2147483647;
			files = (
				B3861E77243F48610075F1E0 /* MainInterfaces.swift in Sources */,
				B3B1E5E82441087C004A4FBE /* DailyWeatherViewModel.swift in Sources */,
				B3EEB6B1243FB05A0015B5A0 /* SearchResultTableViewCell.swift in Sources */,
				B3861E7E243F48BC0075F1E0 /* MainCoordinator.swift in Sources */,
				B3861E5C243F38350075F1E0 /* ViewController.swift in Sources */,
				B3BB4C44243F8EC70011A649 /* LookUpData.swift in Sources */,
				B3861EA3243F52290075F1E0 /* ForecastViewModel.swift in Sources */,
				B3861E87243F4B0C0075F1E0 /* MapViewController.swift in Sources */,
				B3861E85243F4AFE0075F1E0 /* MapInterfaces.swift in Sources */,
				B3861E96243F4EAC0075F1E0 /* SettingsViewModel.swift in Sources */,
				B3B1E5E02440F157004A4FBE /* CurrentWeatherViewModel.swift in Sources */,
				B3861EA5243F523E0075F1E0 /* ForecastCoordinator.swift in Sources */,
				B3861E58243F38350075F1E0 /* AppDelegate.swift in Sources */,
				B3BB4C47243F90FF0011A649 /* AutoCompleteViewModel.swift in Sources */,
				B3861E92243F4E7E0075F1E0 /* SettingsInterfaces.swift in Sources */,
				B3BB4C3E243F8E950011A649 /* AutoComplete.swift in Sources */,
				B3861E89243F4B1A0075F1E0 /* MapViewModel.swift in Sources */,
				B3861EB0243F54DA0075F1E0 /* NotificationsViewModel.swift in Sources */,
				B3861E98243F4ECD0075F1E0 /* SettingsCoordinator.swift in Sources */,
				B3BB4C40243F8EAE0011A649 /* AutoCompleteData.swift in Sources */,
				B3861E7A243F48880075F1E0 /* TabBarViewController.swift in Sources */,
				B3861EAC243F54B70075F1E0 /* NotificationsIntefaces.swift in Sources */,
				B3861EB2243F54EA0075F1E0 /* NotificationsCoordinator.swift in Sources */,
				B3B1E5DE2440AB97004A4FBE /* WeatherCallData.swift in Sources */,
				B3861EA1243F521D0075F1E0 /* ForecastViewController.swift in Sources */,
				B3861E94243F4E970075F1E0 /* SettingsViewController.swift in Sources */,
				B3861E9F243F520C0075F1E0 /* ForecastInterfaces.swift in Sources */,
				B3B1E5DC2440AB86004A4FBE /* WeatherCall.swift in Sources */,
				B3861E62243F38350075F1E0 /* IOSWeather.xcdatamodeld in Sources */,
				B3861E8B243F4B2A0075F1E0 /* MapCoordinator.swift in Sources */,
				B3B1E5E62440F6D0004A4FBE /* HourlyWeatherViewModel.swift in Sources */,
				B3861EAE243F54CD0075F1E0 /* NotificationsViewController.swift in Sources */,
				B3BB4C49243F910F0011A649 /* LookUpViewModel.swift in Sources */,
				B3B1E5EA2441139B004A4FBE /* CurrentWeatherView.swift in Sources */,
				B3861E7C243F489C0075F1E0 /* TabBarViewModel.swift in Sources */,
				B3861E5A243F38350075F1E0 /* SceneDelegate.swift in Sources */,
				B3BB4C42243F8EBC0011A649 /* LookUp.swift in Sources */,
			);
			runOnlyForDeploymentPostprocessing = 0;
		};
/* End PBXSourcesBuildPhase section */

/* Begin PBXVariantGroup section */
		B3861E65243F38380075F1E0 /* LaunchScreen.storyboard */ = {
			isa = PBXVariantGroup;
			children = (
				B3861E66243F38380075F1E0 /* Base */,
			);
			name = LaunchScreen.storyboard;
			sourceTree = "<group>";
		};
/* End PBXVariantGroup section */

/* Begin XCBuildConfiguration section */
		B3861E69243F38380075F1E0 /* Debug */ = {
			isa = XCBuildConfiguration;
			buildSettings = {
				ALWAYS_SEARCH_USER_PATHS = NO;
				CLANG_ANALYZER_NONNULL = YES;
				CLANG_ANALYZER_NUMBER_OBJECT_CONVERSION = YES_AGGRESSIVE;
				CLANG_CXX_LANGUAGE_STANDARD = "gnu++14";
				CLANG_CXX_LIBRARY = "libc++";
				CLANG_ENABLE_MODULES = YES;
				CLANG_ENABLE_OBJC_ARC = YES;
				CLANG_ENABLE_OBJC_WEAK = YES;
				CLANG_WARN_BLOCK_CAPTURE_AUTORELEASING = YES;
				CLANG_WARN_BOOL_CONVERSION = YES;
				CLANG_WARN_COMMA = YES;
				CLANG_WARN_CONSTANT_CONVERSION = YES;
				CLANG_WARN_DEPRECATED_OBJC_IMPLEMENTATIONS = YES;
				CLANG_WARN_DIRECT_OBJC_ISA_USAGE = YES_ERROR;
				CLANG_WARN_DOCUMENTATION_COMMENTS = YES;
				CLANG_WARN_EMPTY_BODY = YES;
				CLANG_WARN_ENUM_CONVERSION = YES;
				CLANG_WARN_INFINITE_RECURSION = YES;
				CLANG_WARN_INT_CONVERSION = YES;
				CLANG_WARN_NON_LITERAL_NULL_CONVERSION = YES;
				CLANG_WARN_OBJC_IMPLICIT_RETAIN_SELF = YES;
				CLANG_WARN_OBJC_LITERAL_CONVERSION = YES;
				CLANG_WARN_OBJC_ROOT_CLASS = YES_ERROR;
				CLANG_WARN_RANGE_LOOP_ANALYSIS = YES;
				CLANG_WARN_STRICT_PROTOTYPES = YES;
				CLANG_WARN_SUSPICIOUS_MOVE = YES;
				CLANG_WARN_UNGUARDED_AVAILABILITY = YES_AGGRESSIVE;
				CLANG_WARN_UNREACHABLE_CODE = YES;
				CLANG_WARN__DUPLICATE_METHOD_MATCH = YES;
				COPY_PHASE_STRIP = NO;
				DEBUG_INFORMATION_FORMAT = dwarf;
				ENABLE_STRICT_OBJC_MSGSEND = YES;
				ENABLE_TESTABILITY = YES;
				GCC_C_LANGUAGE_STANDARD = gnu11;
				GCC_DYNAMIC_NO_PIC = NO;
				GCC_NO_COMMON_BLOCKS = YES;
				GCC_OPTIMIZATION_LEVEL = 0;
				GCC_PREPROCESSOR_DEFINITIONS = (
					"DEBUG=1",
					"$(inherited)",
				);
				GCC_WARN_64_TO_32_BIT_CONVERSION = YES;
				GCC_WARN_ABOUT_RETURN_TYPE = YES_ERROR;
				GCC_WARN_UNDECLARED_SELECTOR = YES;
				GCC_WARN_UNINITIALIZED_AUTOS = YES_AGGRESSIVE;
				GCC_WARN_UNUSED_FUNCTION = YES;
				GCC_WARN_UNUSED_VARIABLE = YES;
				IPHONEOS_DEPLOYMENT_TARGET = 13.2;
				MTL_ENABLE_DEBUG_INFO = INCLUDE_SOURCE;
				MTL_FAST_MATH = YES;
				ONLY_ACTIVE_ARCH = YES;
				SDKROOT = iphoneos;
				SWIFT_ACTIVE_COMPILATION_CONDITIONS = DEBUG;
				SWIFT_OPTIMIZATION_LEVEL = "-Onone";
			};
			name = Debug;
		};
		B3861E6A243F38380075F1E0 /* Release */ = {
			isa = XCBuildConfiguration;
			buildSettings = {
				ALWAYS_SEARCH_USER_PATHS = NO;
				CLANG_ANALYZER_NONNULL = YES;
				CLANG_ANALYZER_NUMBER_OBJECT_CONVERSION = YES_AGGRESSIVE;
				CLANG_CXX_LANGUAGE_STANDARD = "gnu++14";
				CLANG_CXX_LIBRARY = "libc++";
				CLANG_ENABLE_MODULES = YES;
				CLANG_ENABLE_OBJC_ARC = YES;
				CLANG_ENABLE_OBJC_WEAK = YES;
				CLANG_WARN_BLOCK_CAPTURE_AUTORELEASING = YES;
				CLANG_WARN_BOOL_CONVERSION = YES;
				CLANG_WARN_COMMA = YES;
				CLANG_WARN_CONSTANT_CONVERSION = YES;
				CLANG_WARN_DEPRECATED_OBJC_IMPLEMENTATIONS = YES;
				CLANG_WARN_DIRECT_OBJC_ISA_USAGE = YES_ERROR;
				CLANG_WARN_DOCUMENTATION_COMMENTS = YES;
				CLANG_WARN_EMPTY_BODY = YES;
				CLANG_WARN_ENUM_CONVERSION = YES;
				CLANG_WARN_INFINITE_RECURSION = YES;
				CLANG_WARN_INT_CONVERSION = YES;
				CLANG_WARN_NON_LITERAL_NULL_CONVERSION = YES;
				CLANG_WARN_OBJC_IMPLICIT_RETAIN_SELF = YES;
				CLANG_WARN_OBJC_LITERAL_CONVERSION = YES;
				CLANG_WARN_OBJC_ROOT_CLASS = YES_ERROR;
				CLANG_WARN_RANGE_LOOP_ANALYSIS = YES;
				CLANG_WARN_STRICT_PROTOTYPES = YES;
				CLANG_WARN_SUSPICIOUS_MOVE = YES;
				CLANG_WARN_UNGUARDED_AVAILABILITY = YES_AGGRESSIVE;
				CLANG_WARN_UNREACHABLE_CODE = YES;
				CLANG_WARN__DUPLICATE_METHOD_MATCH = YES;
				COPY_PHASE_STRIP = NO;
				DEBUG_INFORMATION_FORMAT = "dwarf-with-dsym";
				ENABLE_NS_ASSERTIONS = NO;
				ENABLE_STRICT_OBJC_MSGSEND = YES;
				GCC_C_LANGUAGE_STANDARD = gnu11;
				GCC_NO_COMMON_BLOCKS = YES;
				GCC_WARN_64_TO_32_BIT_CONVERSION = YES;
				GCC_WARN_ABOUT_RETURN_TYPE = YES_ERROR;
				GCC_WARN_UNDECLARED_SELECTOR = YES;
				GCC_WARN_UNINITIALIZED_AUTOS = YES_AGGRESSIVE;
				GCC_WARN_UNUSED_FUNCTION = YES;
				GCC_WARN_UNUSED_VARIABLE = YES;
				IPHONEOS_DEPLOYMENT_TARGET = 13.2;
				MTL_ENABLE_DEBUG_INFO = NO;
				MTL_FAST_MATH = YES;
				SDKROOT = iphoneos;
				SWIFT_COMPILATION_MODE = wholemodule;
				SWIFT_OPTIMIZATION_LEVEL = "-O";
				VALIDATE_PRODUCT = YES;
			};
			name = Release;
		};
		B3861E6C243F38380075F1E0 /* Debug */ = {
			isa = XCBuildConfiguration;
			baseConfigurationReference = F87210DE80447FE6B209C126 /* Pods-IOSWeather.debug.xcconfig */;
			buildSettings = {
				ASSETCATALOG_COMPILER_APPICON_NAME = AppIcon;
				CODE_SIGN_STYLE = Automatic;
				INFOPLIST_FILE = IOSWeather/Info.plist;
				LD_RUNPATH_SEARCH_PATHS = (
					"$(inherited)",
					"@executable_path/Frameworks",
				);
				PRODUCT_BUNDLE_IDENTIFIER = Nicola.IOSWeather;
				PRODUCT_NAME = "$(TARGET_NAME)";
				SWIFT_VERSION = 5.0;
				TARGETED_DEVICE_FAMILY = "1,2";
			};
			name = Debug;
		};
		B3861E6D243F38380075F1E0 /* Release */ = {
			isa = XCBuildConfiguration;
			baseConfigurationReference = D99582F6117DCCBF0AED91FB /* Pods-IOSWeather.release.xcconfig */;
			buildSettings = {
				ASSETCATALOG_COMPILER_APPICON_NAME = AppIcon;
				CODE_SIGN_STYLE = Automatic;
				INFOPLIST_FILE = IOSWeather/Info.plist;
				LD_RUNPATH_SEARCH_PATHS = (
					"$(inherited)",
					"@executable_path/Frameworks",
				);
				PRODUCT_BUNDLE_IDENTIFIER = Nicola.IOSWeather;
				PRODUCT_NAME = "$(TARGET_NAME)";
				SWIFT_VERSION = 5.0;
				TARGETED_DEVICE_FAMILY = "1,2";
			};
			name = Release;
		};
/* End XCBuildConfiguration section */

/* Begin XCConfigurationList section */
		B3861E4F243F38350075F1E0 /* Build configuration list for PBXProject "IOSWeather" */ = {
			isa = XCConfigurationList;
			buildConfigurations = (
				B3861E69243F38380075F1E0 /* Debug */,
				B3861E6A243F38380075F1E0 /* Release */,
			);
			defaultConfigurationIsVisible = 0;
			defaultConfigurationName = Release;
		};
		B3861E6B243F38380075F1E0 /* Build configuration list for PBXNativeTarget "IOSWeather" */ = {
			isa = XCConfigurationList;
			buildConfigurations = (
				B3861E6C243F38380075F1E0 /* Debug */,
				B3861E6D243F38380075F1E0 /* Release */,
			);
			defaultConfigurationIsVisible = 0;
			defaultConfigurationName = Release;
		};
/* End XCConfigurationList section */

/* Begin XCVersionGroup section */
		B3861E60243F38350075F1E0 /* IOSWeather.xcdatamodeld */ = {
			isa = XCVersionGroup;
			children = (
				B3861E61243F38350075F1E0 /* IOSWeather.xcdatamodel */,
			);
			currentVersion = B3861E61243F38350075F1E0 /* IOSWeather.xcdatamodel */;
			path = IOSWeather.xcdatamodeld;
			sourceTree = "<group>";
			versionGroupType = wrapper.xcdatamodel;
		};
/* End XCVersionGroup section */
	};
	rootObject = B3861E4C243F38350075F1E0 /* Project object */;
}
